// !$*UTF8*$!
{
	archiveVersion = 1;
	classes = {
	};
	objectVersion = 46;
	objects = {

/* Begin PBXBuildFile section */
		10215FEB6E0A91924E9FB2C0 /* libPods-MegaOrganised.a in Frameworks */ = {isa = PBXBuildFile; fileRef = CE43E333A51818BF3A086C59 /* libPods-MegaOrganised.a */; };
		853DD1741A0423E0001D8DEB /* TaskModel.xcdatamodeld in Sources */ = {isa = PBXBuildFile; fileRef = 853DD1721A0423E0001D8DEB /* TaskModel.xcdatamodeld */; };
		853DD1891A04292F001D8DEB /* Task.m in Sources */ = {isa = PBXBuildFile; fileRef = 853DD1881A04292F001D8DEB /* Task.m */; };
		853DD18F1A042ADD001D8DEB /* Tasks.m in Sources */ = {isa = PBXBuildFile; fileRef = 853DD18E1A042ADD001D8DEB /* Tasks.m */; };
		856511AF19EB837000AC5AAA /* myChooseTaskScheduleController.m in Sources */ = {isa = PBXBuildFile; fileRef = 856511AE19EB837000AC5AAA /* myChooseTaskScheduleController.m */; };
		857E87BB19E7CDE900B723A9 /* Foundation.framework in Frameworks */ = {isa = PBXBuildFile; fileRef = 857E87BA19E7CDE900B723A9 /* Foundation.framework */; };
		857E87BD19E7CDE900B723A9 /* CoreGraphics.framework in Frameworks */ = {isa = PBXBuildFile; fileRef = 857E87BC19E7CDE900B723A9 /* CoreGraphics.framework */; };
		857E87BF19E7CDE900B723A9 /* UIKit.framework in Frameworks */ = {isa = PBXBuildFile; fileRef = 857E87BE19E7CDE900B723A9 /* UIKit.framework */; };
		857E87C519E7CDE900B723A9 /* InfoPlist.strings in Resources */ = {isa = PBXBuildFile; fileRef = 857E87C319E7CDE900B723A9 /* InfoPlist.strings */; };
		857E87C719E7CDE900B723A9 /* main.m in Sources */ = {isa = PBXBuildFile; fileRef = 857E87C619E7CDE900B723A9 /* main.m */; };
		857E87CB19E7CDE900B723A9 /* myAppDelegate.m in Sources */ = {isa = PBXBuildFile; fileRef = 857E87CA19E7CDE900B723A9 /* myAppDelegate.m */; };
		857E87CE19E7CDE900B723A9 /* Main.storyboard in Resources */ = {isa = PBXBuildFile; fileRef = 857E87CC19E7CDE900B723A9 /* Main.storyboard */; };
		857E87D119E7CDE900B723A9 /* myMasterViewController.m in Sources */ = {isa = PBXBuildFile; fileRef = 857E87D019E7CDE900B723A9 /* myMasterViewController.m */; };
		857E87D419E7CDE900B723A9 /* myDetailViewController.m in Sources */ = {isa = PBXBuildFile; fileRef = 857E87D319E7CDE900B723A9 /* myDetailViewController.m */; };
		857E87D619E7CDE900B723A9 /* Images.xcassets in Resources */ = {isa = PBXBuildFile; fileRef = 857E87D519E7CDE900B723A9 /* Images.xcassets */; };
		857E87DD19E7CDE900B723A9 /* XCTest.framework in Frameworks */ = {isa = PBXBuildFile; fileRef = 857E87DC19E7CDE900B723A9 /* XCTest.framework */; };
		857E87DE19E7CDE900B723A9 /* Foundation.framework in Frameworks */ = {isa = PBXBuildFile; fileRef = 857E87BA19E7CDE900B723A9 /* Foundation.framework */; };
		857E87DF19E7CDE900B723A9 /* UIKit.framework in Frameworks */ = {isa = PBXBuildFile; fileRef = 857E87BE19E7CDE900B723A9 /* UIKit.framework */; };
		857E87E719E7CDE900B723A9 /* InfoPlist.strings in Resources */ = {isa = PBXBuildFile; fileRef = 857E87E519E7CDE900B723A9 /* InfoPlist.strings */; };
		857E87E919E7CDE900B723A9 /* MegaOrganisedTests.m in Sources */ = {isa = PBXBuildFile; fileRef = 857E87E819E7CDE900B723A9 /* MegaOrganisedTests.m */; };
		85AC21ED19FD68290094C8B3 /* myCalendarViewController.m in Sources */ = {isa = PBXBuildFile; fileRef = 85AC21EC19FD68290094C8B3 /* myCalendarViewController.m */; };
		85AC452B19F62148000DBBF9 /* myCalendarDateController.m in Sources */ = {isa = PBXBuildFile; fileRef = 85AC452A19F62148000DBBF9 /* myCalendarDateController.m */; };
		85CBEDA019E8E564000C05C8 /* myChooseTaskController.m in Sources */ = {isa = PBXBuildFile; fileRef = 85CBED9F19E8E563000C05C8 /* myChooseTaskController.m */; };
/* End PBXBuildFile section */

/* Begin PBXContainerItemProxy section */
		857E87E019E7CDE900B723A9 /* PBXContainerItemProxy */ = {
			isa = PBXContainerItemProxy;
			containerPortal = 857E87AF19E7CDE900B723A9 /* Project object */;
			proxyType = 1;
			remoteGlobalIDString = 857E87B619E7CDE900B723A9;
			remoteInfo = MegaOrganised;
		};
/* End PBXContainerItemProxy section */

/* Begin PBXFileReference section */
		78F4B0EC50E6BDADB7E56258 /* Pods-MegaOrganised.debug.xcconfig */ = {isa = PBXFileReference; includeInIndex = 1; lastKnownFileType = text.xcconfig; name = "Pods-MegaOrganised.debug.xcconfig"; path = "Pods/Target Support Files/Pods-MegaOrganised/Pods-MegaOrganised.debug.xcconfig"; sourceTree = "<group>"; };
		853DD1731A0423E0001D8DEB /* TaskModel.xcdatamodel */ = {isa = PBXFileReference; lastKnownFileType = wrapper.xcdatamodel; path = TaskModel.xcdatamodel; sourceTree = "<group>"; };
		853DD1871A04292F001D8DEB /* Task.h */ = {isa = PBXFileReference; fileEncoding = 4; lastKnownFileType = sourcecode.c.h; name = Task.h; path = model/Task.h; sourceTree = "<group>"; };
		853DD1881A04292F001D8DEB /* Task.m */ = {isa = PBXFileReference; fileEncoding = 4; lastKnownFileType = sourcecode.c.objc; name = Task.m; path = model/Task.m; sourceTree = "<group>"; };
		853DD18D1A042ADD001D8DEB /* Tasks.h */ = {isa = PBXFileReference; fileEncoding = 4; lastKnownFileType = sourcecode.c.h; name = Tasks.h; path = model/Tasks.h; sourceTree = "<group>"; };
		853DD18E1A042ADD001D8DEB /* Tasks.m */ = {isa = PBXFileReference; fileEncoding = 4; lastKnownFileType = sourcecode.c.objc; name = Tasks.m; path = model/Tasks.m; sourceTree = "<group>"; };
		856511AD19EB836F00AC5AAA /* myChooseTaskScheduleController.h */ = {isa = PBXFileReference; fileEncoding = 4; lastKnownFileType = sourcecode.c.h; path = myChooseTaskScheduleController.h; sourceTree = "<group>"; };
		856511AE19EB837000AC5AAA /* myChooseTaskScheduleController.m */ = {isa = PBXFileReference; fileEncoding = 4; lastKnownFileType = sourcecode.c.objc; path = myChooseTaskScheduleController.m; sourceTree = "<group>"; };
		857E87B719E7CDE900B723A9 /* MegaOrganised.app */ = {isa = PBXFileReference; explicitFileType = wrapper.application; includeInIndex = 0; path = MegaOrganised.app; sourceTree = BUILT_PRODUCTS_DIR; };
		857E87BA19E7CDE900B723A9 /* Foundation.framework */ = {isa = PBXFileReference; lastKnownFileType = wrapper.framework; name = Foundation.framework; path = System/Library/Frameworks/Foundation.framework; sourceTree = SDKROOT; };
		857E87BC19E7CDE900B723A9 /* CoreGraphics.framework */ = {isa = PBXFileReference; lastKnownFileType = wrapper.framework; name = CoreGraphics.framework; path = System/Library/Frameworks/CoreGraphics.framework; sourceTree = SDKROOT; };
		857E87BE19E7CDE900B723A9 /* UIKit.framework */ = {isa = PBXFileReference; lastKnownFileType = wrapper.framework; name = UIKit.framework; path = System/Library/Frameworks/UIKit.framework; sourceTree = SDKROOT; };
		857E87C219E7CDE900B723A9 /* MegaOrganised-Info.plist */ = {isa = PBXFileReference; lastKnownFileType = text.plist.xml; path = "MegaOrganised-Info.plist"; sourceTree = "<group>"; };
		857E87C419E7CDE900B723A9 /* en */ = {isa = PBXFileReference; lastKnownFileType = text.plist.strings; name = en; path = en.lproj/InfoPlist.strings; sourceTree = "<group>"; };
		857E87C619E7CDE900B723A9 /* main.m */ = {isa = PBXFileReference; lastKnownFileType = sourcecode.c.objc; path = main.m; sourceTree = "<group>"; };
		857E87C819E7CDE900B723A9 /* MegaOrganised-Prefix.pch */ = {isa = PBXFileReference; lastKnownFileType = sourcecode.c.h; path = "MegaOrganised-Prefix.pch"; sourceTree = "<group>"; };
		857E87C919E7CDE900B723A9 /* myAppDelegate.h */ = {isa = PBXFileReference; lastKnownFileType = sourcecode.c.h; path = myAppDelegate.h; sourceTree = "<group>"; };
		857E87CA19E7CDE900B723A9 /* myAppDelegate.m */ = {isa = PBXFileReference; lastKnownFileType = sourcecode.c.objc; path = myAppDelegate.m; sourceTree = "<group>"; };
		857E87CD19E7CDE900B723A9 /* Base */ = {isa = PBXFileReference; lastKnownFileType = file.storyboard; name = Base; path = Base.lproj/Main.storyboard; sourceTree = "<group>"; };
		857E87CF19E7CDE900B723A9 /* myMasterViewController.h */ = {isa = PBXFileReference; lastKnownFileType = sourcecode.c.h; path = myMasterViewController.h; sourceTree = "<group>"; };
		857E87D019E7CDE900B723A9 /* myMasterViewController.m */ = {isa = PBXFileReference; lastKnownFileType = sourcecode.c.objc; path = myMasterViewController.m; sourceTree = "<group>"; };
		857E87D219E7CDE900B723A9 /* myDetailViewController.h */ = {isa = PBXFileReference; lastKnownFileType = sourcecode.c.h; path = myDetailViewController.h; sourceTree = "<group>"; };
		857E87D319E7CDE900B723A9 /* myDetailViewController.m */ = {isa = PBXFileReference; lastKnownFileType = sourcecode.c.objc; path = myDetailViewController.m; sourceTree = "<group>"; };
		857E87D519E7CDE900B723A9 /* Images.xcassets */ = {isa = PBXFileReference; lastKnownFileType = folder.assetcatalog; path = Images.xcassets; sourceTree = "<group>"; };
		857E87DB19E7CDE900B723A9 /* MegaOrganisedTests.xctest */ = {isa = PBXFileReference; explicitFileType = wrapper.cfbundle; includeInIndex = 0; path = MegaOrganisedTests.xctest; sourceTree = BUILT_PRODUCTS_DIR; };
		857E87DC19E7CDE900B723A9 /* XCTest.framework */ = {isa = PBXFileReference; lastKnownFileType = wrapper.framework; name = XCTest.framework; path = Library/Frameworks/XCTest.framework; sourceTree = DEVELOPER_DIR; };
		857E87E419E7CDE900B723A9 /* MegaOrganisedTests-Info.plist */ = {isa = PBXFileReference; lastKnownFileType = text.plist.xml; path = "MegaOrganisedTests-Info.plist"; sourceTree = "<group>"; };
		857E87E619E7CDE900B723A9 /* en */ = {isa = PBXFileReference; lastKnownFileType = text.plist.strings; name = en; path = en.lproj/InfoPlist.strings; sourceTree = "<group>"; };
		857E87E819E7CDE900B723A9 /* MegaOrganisedTests.m */ = {isa = PBXFileReference; lastKnownFileType = sourcecode.c.objc; path = MegaOrganisedTests.m; sourceTree = "<group>"; };
		85AC21EB19FD68290094C8B3 /* myCalendarViewController.h */ = {isa = PBXFileReference; fileEncoding = 4; lastKnownFileType = sourcecode.c.h; path = myCalendarViewController.h; sourceTree = "<group>"; };
		85AC21EC19FD68290094C8B3 /* myCalendarViewController.m */ = {isa = PBXFileReference; fileEncoding = 4; lastKnownFileType = sourcecode.c.objc; path = myCalendarViewController.m; sourceTree = "<group>"; };
		85AC452919F62148000DBBF9 /* myCalendarDateController.h */ = {isa = PBXFileReference; fileEncoding = 4; lastKnownFileType = sourcecode.c.h; path = myCalendarDateController.h; sourceTree = "<group>"; };
		85AC452A19F62148000DBBF9 /* myCalendarDateController.m */ = {isa = PBXFileReference; fileEncoding = 4; lastKnownFileType = sourcecode.c.objc; path = myCalendarDateController.m; sourceTree = "<group>"; };
		85CBED9E19E8E563000C05C8 /* myChooseTaskController.h */ = {isa = PBXFileReference; fileEncoding = 4; lastKnownFileType = sourcecode.c.h; path = myChooseTaskController.h; sourceTree = "<group>"; };
		85CBED9F19E8E563000C05C8 /* myChooseTaskController.m */ = {isa = PBXFileReference; fileEncoding = 4; lastKnownFileType = sourcecode.c.objc; path = myChooseTaskController.m; sourceTree = "<group>"; };
		BA2EB3BB7DC96469087821AB /* Pods-MegaOrganised.release.xcconfig */ = {isa = PBXFileReference; includeInIndex = 1; lastKnownFileType = text.xcconfig; name = "Pods-MegaOrganised.release.xcconfig"; path = "Pods/Target Support Files/Pods-MegaOrganised/Pods-MegaOrganised.release.xcconfig"; sourceTree = "<group>"; };
		CE43E333A51818BF3A086C59 /* libPods-MegaOrganised.a */ = {isa = PBXFileReference; explicitFileType = archive.ar; includeInIndex = 0; path = "libPods-MegaOrganised.a"; sourceTree = BUILT_PRODUCTS_DIR; };
/* End PBXFileReference section */

/* Begin PBXFrameworksBuildPhase section */
		857E87B419E7CDE900B723A9 /* Frameworks */ = {
			isa = PBXFrameworksBuildPhase;
			buildActionMask = 2147483647;
			files = (
				857E87BD19E7CDE900B723A9 /* CoreGraphics.framework in Frameworks */,
				857E87BF19E7CDE900B723A9 /* UIKit.framework in Frameworks */,
				857E87BB19E7CDE900B723A9 /* Foundation.framework in Frameworks */,
				10215FEB6E0A91924E9FB2C0 /* libPods-MegaOrganised.a in Frameworks */,
			);
			runOnlyForDeploymentPostprocessing = 0;
		};
		857E87D819E7CDE900B723A9 /* Frameworks */ = {
			isa = PBXFrameworksBuildPhase;
			buildActionMask = 2147483647;
			files = (
				857E87DD19E7CDE900B723A9 /* XCTest.framework in Frameworks */,
				857E87DF19E7CDE900B723A9 /* UIKit.framework in Frameworks */,
				857E87DE19E7CDE900B723A9 /* Foundation.framework in Frameworks */,
			);
			runOnlyForDeploymentPostprocessing = 0;
		};
/* End PBXFrameworksBuildPhase section */

/* Begin PBXGroup section */
		857E87AE19E7CDE900B723A9 = {
			isa = PBXGroup;
			children = (
				857E87C019E7CDE900B723A9 /* MegaOrganised */,
				857E87E219E7CDE900B723A9 /* MegaOrganisedTests */,
				857E87B919E7CDE900B723A9 /* Frameworks */,
				857E87B819E7CDE900B723A9 /* Products */,
				8A4946C8B37265C592C13571 /* Pods */,
			);
			sourceTree = "<group>";
		};
		857E87B819E7CDE900B723A9 /* Products */ = {
			isa = PBXGroup;
			children = (
				857E87B719E7CDE900B723A9 /* MegaOrganised.app */,
				857E87DB19E7CDE900B723A9 /* MegaOrganisedTests.xctest */,
			);
			name = Products;
			sourceTree = "<group>";
		};
		857E87B919E7CDE900B723A9 /* Frameworks */ = {
			isa = PBXGroup;
			children = (
				857E87BA19E7CDE900B723A9 /* Foundation.framework */,
				857E87BC19E7CDE900B723A9 /* CoreGraphics.framework */,
				857E87BE19E7CDE900B723A9 /* UIKit.framework */,
				857E87DC19E7CDE900B723A9 /* XCTest.framework */,
				CE43E333A51818BF3A086C59 /* libPods-MegaOrganised.a */,
			);
			name = Frameworks;
			sourceTree = "<group>";
		};
		857E87C019E7CDE900B723A9 /* MegaOrganised */ = {
			isa = PBXGroup;
			children = (
				853DD18D1A042ADD001D8DEB /* Tasks.h */,
				853DD18E1A042ADD001D8DEB /* Tasks.m */,
				853DD1871A04292F001D8DEB /* Task.h */,
				853DD1881A04292F001D8DEB /* Task.m */,
				85AC21EB19FD68290094C8B3 /* myCalendarViewController.h */,
				85AC21EC19FD68290094C8B3 /* myCalendarViewController.m */,
				857E87C919E7CDE900B723A9 /* myAppDelegate.h */,
				857E87CA19E7CDE900B723A9 /* myAppDelegate.m */,
				857E87CC19E7CDE900B723A9 /* Main.storyboard */,
				85AC452919F62148000DBBF9 /* myCalendarDateController.h */,
				85AC452A19F62148000DBBF9 /* myCalendarDateController.m */,
				857E87CF19E7CDE900B723A9 /* myMasterViewController.h */,
				856511AD19EB836F00AC5AAA /* myChooseTaskScheduleController.h */,
				856511AE19EB837000AC5AAA /* myChooseTaskScheduleController.m */,
				85CBED9E19E8E563000C05C8 /* myChooseTaskController.h */,
				85CBED9F19E8E563000C05C8 /* myChooseTaskController.m */,
				857E87D019E7CDE900B723A9 /* myMasterViewController.m */,
				853DD1721A0423E0001D8DEB /* TaskModel.xcdatamodeld */,
				857E87D219E7CDE900B723A9 /* myDetailViewController.h */,
				857E87D319E7CDE900B723A9 /* myDetailViewController.m */,
				857E87D519E7CDE900B723A9 /* Images.xcassets */,
				857E87C119E7CDE900B723A9 /* Supporting Files */,
			);
			path = MegaOrganised;
			sourceTree = "<group>";
		};
		857E87C119E7CDE900B723A9 /* Supporting Files */ = {
			isa = PBXGroup;
			children = (
				857E87C219E7CDE900B723A9 /* MegaOrganised-Info.plist */,
				857E87C319E7CDE900B723A9 /* InfoPlist.strings */,
				857E87C619E7CDE900B723A9 /* main.m */,
				857E87C819E7CDE900B723A9 /* MegaOrganised-Prefix.pch */,
			);
			name = "Supporting Files";
			sourceTree = "<group>";
		};
		857E87E219E7CDE900B723A9 /* MegaOrganisedTests */ = {
			isa = PBXGroup;
			children = (
				857E87E819E7CDE900B723A9 /* MegaOrganisedTests.m */,
				857E87E319E7CDE900B723A9 /* Supporting Files */,
			);
			path = MegaOrganisedTests;
			sourceTree = "<group>";
		};
		857E87E319E7CDE900B723A9 /* Supporting Files */ = {
			isa = PBXGroup;
			children = (
				857E87E419E7CDE900B723A9 /* MegaOrganisedTests-Info.plist */,
				857E87E519E7CDE900B723A9 /* InfoPlist.strings */,
			);
			name = "Supporting Files";
			sourceTree = "<group>";
		};
		8A4946C8B37265C592C13571 /* Pods */ = {
			isa = PBXGroup;
			children = (
				78F4B0EC50E6BDADB7E56258 /* Pods-MegaOrganised.debug.xcconfig */,
				BA2EB3BB7DC96469087821AB /* Pods-MegaOrganised.release.xcconfig */,
			);
			name = Pods;
			sourceTree = "<group>";
		};
/* End PBXGroup section */

/* Begin PBXNativeTarget section */
		857E87B619E7CDE900B723A9 /* MegaOrganised */ = {
			isa = PBXNativeTarget;
			buildConfigurationList = 857E87EC19E7CDE900B723A9 /* Build configuration list for PBXNativeTarget "MegaOrganised" */;
			buildPhases = (
				CCE43F7CF71432D5E2A8D633 /* Check Pods Manifest.lock */,
				857E87B319E7CDE900B723A9 /* Sources */,
				857E87B419E7CDE900B723A9 /* Frameworks */,
				857E87B519E7CDE900B723A9 /* Resources */,
				2D5DA36180721BF5B609CE6A /* Copy Pods Resources */,
			);
			buildRules = (
			);
			dependencies = (
			);
			name = MegaOrganised;
			productName = MegaOrganised;
			productReference = 857E87B719E7CDE900B723A9 /* MegaOrganised.app */;
			productType = "com.apple.product-type.application";
		};
		857E87DA19E7CDE900B723A9 /* MegaOrganisedTests */ = {
			isa = PBXNativeTarget;
			buildConfigurationList = 857E87EF19E7CDE900B723A9 /* Build configuration list for PBXNativeTarget "MegaOrganisedTests" */;
			buildPhases = (
				857E87D719E7CDE900B723A9 /* Sources */,
				857E87D819E7CDE900B723A9 /* Frameworks */,
				857E87D919E7CDE900B723A9 /* Resources */,
			);
			buildRules = (
			);
			dependencies = (
				857E87E119E7CDE900B723A9 /* PBXTargetDependency */,
			);
			name = MegaOrganisedTests;
			productName = MegaOrganisedTests;
			productReference = 857E87DB19E7CDE900B723A9 /* MegaOrganisedTests.xctest */;
			productType = "com.apple.product-type.bundle.unit-test";
		};
/* End PBXNativeTarget section */

/* Begin PBXProject section */
		857E87AF19E7CDE900B723A9 /* Project object */ = {
			isa = PBXProject;
			attributes = {
				CLASSPREFIX = my;
				LastUpgradeCheck = 0510;
				ORGANIZATIONNAME = "___FULLUSERNAME___";
				TargetAttributes = {
					857E87DA19E7CDE900B723A9 = {
						TestTargetID = 857E87B619E7CDE900B723A9;
					};
				};
			};
			buildConfigurationList = 857E87B219E7CDE900B723A9 /* Build configuration list for PBXProject "MegaOrganised" */;
			compatibilityVersion = "Xcode 3.2";
			developmentRegion = English;
			hasScannedForEncodings = 0;
			knownRegions = (
				en,
				Base,
			);
			mainGroup = 857E87AE19E7CDE900B723A9;
			productRefGroup = 857E87B819E7CDE900B723A9 /* Products */;
			projectDirPath = "";
			projectRoot = "";
			targets = (
				857E87B619E7CDE900B723A9 /* MegaOrganised */,
				857E87DA19E7CDE900B723A9 /* MegaOrganisedTests */,
			);
		};
/* End PBXProject section */

/* Begin PBXResourcesBuildPhase section */
		857E87B519E7CDE900B723A9 /* Resources */ = {
			isa = PBXResourcesBuildPhase;
			buildActionMask = 2147483647;
			files = (
				857E87D619E7CDE900B723A9 /* Images.xcassets in Resources */,
				857E87C519E7CDE900B723A9 /* InfoPlist.strings in Resources */,
				857E87CE19E7CDE900B723A9 /* Main.storyboard in Resources */,
			);
			runOnlyForDeploymentPostprocessing = 0;
		};
		857E87D919E7CDE900B723A9 /* Resources */ = {
			isa = PBXResourcesBuildPhase;
			buildActionMask = 2147483647;
			files = (
				857E87E719E7CDE900B723A9 /* InfoPlist.strings in Resources */,
			);
			runOnlyForDeploymentPostprocessing = 0;
		};
/* End PBXResourcesBuildPhase section */

/* Begin PBXShellScriptBuildPhase section */
		2D5DA36180721BF5B609CE6A /* Copy Pods Resources */ = {
			isa = PBXShellScriptBuildPhase;
			buildActionMask = 2147483647;
			files = (
			);
			inputPaths = (
			);
			name = "Copy Pods Resources";
			outputPaths = (
			);
			runOnlyForDeploymentPostprocessing = 0;
			shellPath = /bin/sh;
			shellScript = "\"${SRCROOT}/Pods/Target Support Files/Pods-MegaOrganised/Pods-MegaOrganised-resources.sh\"\n";
			showEnvVarsInLog = 0;
		};
		CCE43F7CF71432D5E2A8D633 /* Check Pods Manifest.lock */ = {
			isa = PBXShellScriptBuildPhase;
			buildActionMask = 2147483647;
			files = (
			);
			inputPaths = (
			);
			name = "Check Pods Manifest.lock";
			outputPaths = (
			);
			runOnlyForDeploymentPostprocessing = 0;
			shellPath = /bin/sh;
			shellScript = "diff \"${PODS_ROOT}/../Podfile.lock\" \"${PODS_ROOT}/Manifest.lock\" > /dev/null\nif [[ $? != 0 ]] ; then\n    cat << EOM\nerror: The sandbox is not in sync with the Podfile.lock. Run 'pod install' or update your CocoaPods installation.\nEOM\n    exit 1\nfi\n";
			showEnvVarsInLog = 0;
		};
/* End PBXShellScriptBuildPhase section */

/* Begin PBXSourcesBuildPhase section */
		857E87B319E7CDE900B723A9 /* Sources */ = {
			isa = PBXSourcesBuildPhase;
			buildActionMask = 2147483647;
			files = (
				853DD1891A04292F001D8DEB /* Task.m in Sources */,
				857E87D119E7CDE900B723A9 /* myMasterViewController.m in Sources */,
				857E87CB19E7CDE900B723A9 /* myAppDelegate.m in Sources */,
				853DD1741A0423E0001D8DEB /* TaskModel.xcdatamodeld in Sources */,
				857E87C719E7CDE900B723A9 /* main.m in Sources */,
				85CBEDA019E8E564000C05C8 /* myChooseTaskController.m in Sources */,
				85AC21ED19FD68290094C8B3 /* myCalendarViewController.m in Sources */,
				853DD18F1A042ADD001D8DEB /* Tasks.m in Sources */,
				856511AF19EB837000AC5AAA /* myChooseTaskScheduleController.m in Sources */,
				857E87D419E7CDE900B723A9 /* myDetailViewController.m in Sources */,
				85AC452B19F62148000DBBF9 /* myCalendarDateController.m in Sources */,
			);
			runOnlyForDeploymentPostprocessing = 0;
		};
		857E87D719E7CDE900B723A9 /* Sources */ = {
			isa = PBXSourcesBuildPhase;
			buildActionMask = 2147483647;
			files = (
				857E87E919E7CDE900B723A9 /* MegaOrganisedTests.m in Sources */,
			);
			runOnlyForDeploymentPostprocessing = 0;
		};
/* End PBXSourcesBuildPhase section */

/* Begin PBXTargetDependency section */
		857E87E119E7CDE900B723A9 /* PBXTargetDependency */ = {
			isa = PBXTargetDependency;
			target = 857E87B619E7CDE900B723A9 /* MegaOrganised */;
			targetProxy = 857E87E019E7CDE900B723A9 /* PBXContainerItemProxy */;
		};
/* End PBXTargetDependency section */

/* Begin PBXVariantGroup section */
		857E87C319E7CDE900B723A9 /* InfoPlist.strings */ = {
			isa = PBXVariantGroup;
			children = (
				857E87C419E7CDE900B723A9 /* en */,
			);
			name = InfoPlist.strings;
			sourceTree = "<group>";
		};
		857E87CC19E7CDE900B723A9 /* Main.storyboard */ = {
			isa = PBXVariantGroup;
			children = (
				857E87CD19E7CDE900B723A9 /* Base */,
			);
			name = Main.storyboard;
			sourceTree = "<group>";
		};
		857E87E519E7CDE900B723A9 /* InfoPlist.strings */ = {
			isa = PBXVariantGroup;
			children = (
				857E87E619E7CDE900B723A9 /* en */,
			);
			name = InfoPlist.strings;
			sourceTree = "<group>";
		};
/* End PBXVariantGroup section */

/* Begin XCBuildConfiguration section */
		857E87EA19E7CDE900B723A9 /* Debug */ = {
			isa = XCBuildConfiguration;
			buildSettings = {
				ALWAYS_SEARCH_USER_PATHS = NO;
				CLANG_CXX_LANGUAGE_STANDARD = "gnu++0x";
				CLANG_CXX_LIBRARY = "libc++";
				CLANG_ENABLE_MODULES = YES;
				CLANG_ENABLE_OBJC_ARC = YES;
				CLANG_WARN_BOOL_CONVERSION = YES;
				CLANG_WARN_CONSTANT_CONVERSION = YES;
				CLANG_WARN_DIRECT_OBJC_ISA_USAGE = YES_ERROR;
				CLANG_WARN_EMPTY_BODY = YES;
				CLANG_WARN_ENUM_CONVERSION = YES;
				CLANG_WARN_INT_CONVERSION = YES;
				CLANG_WARN_OBJC_ROOT_CLASS = YES_ERROR;
				CLANG_WARN__DUPLICATE_METHOD_MATCH = YES;
				"CODE_SIGN_IDENTITY[sdk=iphoneos*]" = "iPhone Developer";
				COPY_PHASE_STRIP = NO;
				GCC_C_LANGUAGE_STANDARD = gnu99;
				GCC_DYNAMIC_NO_PIC = NO;
				GCC_OPTIMIZATION_LEVEL = 0;
				GCC_PREPROCESSOR_DEFINITIONS = (
					"DEBUG=1",
					"$(inherited)",
				);
				GCC_SYMBOLS_PRIVATE_EXTERN = NO;
				GCC_WARN_64_TO_32_BIT_CONVERSION = YES;
				GCC_WARN_ABOUT_RETURN_TYPE = YES_ERROR;
				GCC_WARN_UNDECLARED_SELECTOR = YES;
				GCC_WARN_UNINITIALIZED_AUTOS = YES_AGGRESSIVE;
				GCC_WARN_UNUSED_FUNCTION = YES;
				GCC_WARN_UNUSED_VARIABLE = YES;
				IPHONEOS_DEPLOYMENT_TARGET = 7.1;
				ONLY_ACTIVE_ARCH = YES;
				SDKROOT = iphoneos;
			};
			name = Debug;
		};
		857E87EB19E7CDE900B723A9 /* Release */ = {
			isa = XCBuildConfiguration;
			buildSettings = {
				ALWAYS_SEARCH_USER_PATHS = NO;
				CLANG_CXX_LANGUAGE_STANDARD = "gnu++0x";
				CLANG_CXX_LIBRARY = "libc++";
				CLANG_ENABLE_MODULES = YES;
				CLANG_ENABLE_OBJC_ARC = YES;
				CLANG_WARN_BOOL_CONVERSION = YES;
				CLANG_WARN_CONSTANT_CONVERSION = YES;
				CLANG_WARN_DIRECT_OBJC_ISA_USAGE = YES_ERROR;
				CLANG_WARN_EMPTY_BODY = YES;
				CLANG_WARN_ENUM_CONVERSION = YES;
				CLANG_WARN_INT_CONVERSION = YES;
				CLANG_WARN_OBJC_ROOT_CLASS = YES_ERROR;
				CLANG_WARN__DUPLICATE_METHOD_MATCH = YES;
				"CODE_SIGN_IDENTITY[sdk=iphoneos*]" = "iPhone Developer";
				COPY_PHASE_STRIP = YES;
				ENABLE_NS_ASSERTIONS = NO;
				GCC_C_LANGUAGE_STANDARD = gnu99;
				GCC_WARN_64_TO_32_BIT_CONVERSION = YES;
				GCC_WARN_ABOUT_RETURN_TYPE = YES_ERROR;
				GCC_WARN_UNDECLARED_SELECTOR = YES;
				GCC_WARN_UNINITIALIZED_AUTOS = YES_AGGRESSIVE;
				GCC_WARN_UNUSED_FUNCTION = YES;
				GCC_WARN_UNUSED_VARIABLE = YES;
				IPHONEOS_DEPLOYMENT_TARGET = 7.1;
				SDKROOT = iphoneos;
				VALIDATE_PRODUCT = YES;
			};
			name = Release;
		};
		857E87ED19E7CDE900B723A9 /* Debug */ = {
			isa = XCBuildConfiguration;
			baseConfigurationReference = 78F4B0EC50E6BDADB7E56258 /* Pods-MegaOrganised.debug.xcconfig */;
			buildSettings = {
				ASSETCATALOG_COMPILER_APPICON_NAME = AppIcon;
				ASSETCATALOG_COMPILER_LAUNCHIMAGE_NAME = LaunchImage;
				GCC_PRECOMPILE_PREFIX_HEADER = YES;
				GCC_PREFIX_HEADER = "MegaOrganised/MegaOrganised-Prefix.pch";
				INFOPLIST_FILE = "MegaOrganised/MegaOrganised-Info.plist";
				PRODUCT_NAME = "$(TARGET_NAME)";
				WRAPPER_EXTENSION = app;
			};
			name = Debug;
		};
		857E87EE19E7CDE900B723A9 /* Release */ = {
			isa = XCBuildConfiguration;
			baseConfigurationReference = BA2EB3BB7DC96469087821AB /* Pods-MegaOrganised.release.xcconfig */;
			buildSettings = {
				ASSETCATALOG_COMPILER_APPICON_NAME = AppIcon;
				ASSETCATALOG_COMPILER_LAUNCHIMAGE_NAME = LaunchImage;
				GCC_PRECOMPILE_PREFIX_HEADER = YES;
				GCC_PREFIX_HEADER = "MegaOrganised/MegaOrganised-Prefix.pch";
				INFOPLIST_FILE = "MegaOrganised/MegaOrganised-Info.plist";
				PRODUCT_NAME = "$(TARGET_NAME)";
				WRAPPER_EXTENSION = app;
			};
			name = Release;
		};
		857E87F019E7CDE900B723A9 /* Debug */ = {
			isa = XCBuildConfiguration;
			buildSettings = {
				BUNDLE_LOADER = "$(BUILT_PRODUCTS_DIR)/MegaOrganised.app/MegaOrganised";
				FRAMEWORK_SEARCH_PATHS = (
					"$(SDKROOT)/Developer/Library/Frameworks",
					"$(inherited)",
					"$(DEVELOPER_FRAMEWORKS_DIR)",
				);
				GCC_PRECOMPILE_PREFIX_HEADER = YES;
				GCC_PREFIX_HEADER = "MegaOrganised/MegaOrganised-Prefix.pch";
				GCC_PREPROCESSOR_DEFINITIONS = (
					"DEBUG=1",
					"$(inherited)",
				);
				INFOPLIST_FILE = "MegaOrganisedTests/MegaOrganisedTests-Info.plist";
				PRODUCT_NAME = "$(TARGET_NAME)";
				TEST_HOST = "$(BUNDLE_LOADER)";
				WRAPPER_EXTENSION = xctest;
			};
			name = Debug;
		};
		857E87F119E7CDE900B723A9 /* Release */ = {
			isa = XCBuildConfiguration;
			buildSettings = {
				BUNDLE_LOADER = "$(BUILT_PRODUCTS_DIR)/MegaOrganised.app/MegaOrganised";
				FRAMEWORK_SEARCH_PATHS = (
					"$(SDKROOT)/Developer/Library/Frameworks",
					"$(inherited)",
					"$(DEVELOPER_FRAMEWORKS_DIR)",
				);
				GCC_PRECOMPILE_PREFIX_HEADER = YES;
				GCC_PREFIX_HEADER = "MegaOrganised/MegaOrganised-Prefix.pch";
				INFOPLIST_FILE = "MegaOrganisedTests/MegaOrganisedTests-Info.plist";
				PRODUCT_NAME = "$(TARGET_NAME)";
				TEST_HOST = "$(BUNDLE_LOADER)";
				WRAPPER_EXTENSION = xctest;
			};
			name = Release;
		};
/* End XCBuildConfiguration section */

/* Begin XCConfigurationList section */
		857E87B219E7CDE900B723A9 /* Build configuration list for PBXProject "MegaOrganised" */ = {
			isa = XCConfigurationList;
			buildConfigurations = (
				857E87EA19E7CDE900B723A9 /* Debug */,
				857E87EB19E7CDE900B723A9 /* Release */,
			);
			defaultConfigurationIsVisible = 0;
			defaultConfigurationName = Release;
		};
		857E87EC19E7CDE900B723A9 /* Build configuration list for PBXNativeTarget "MegaOrganised" */ = {
			isa = XCConfigurationList;
			buildConfigurations = (
				857E87ED19E7CDE900B723A9 /* Debug */,
				857E87EE19E7CDE900B723A9 /* Release */,
			);
			defaultConfigurationIsVisible = 0;
			defaultConfigurationName = Release;
		};
		857E87EF19E7CDE900B723A9 /* Build configuration list for PBXNativeTarget "MegaOrganisedTests" */ = {
			isa = XCConfigurationList;
			buildConfigurations = (
				857E87F019E7CDE900B723A9 /* Debug */,
				857E87F119E7CDE900B723A9 /* Release */,
			);
			defaultConfigurationIsVisible = 0;
			defaultConfigurationName = Release;
		};
/* End XCConfigurationList section */

/* Begin XCVersionGroup section */
		853DD1721A0423E0001D8DEB /* TaskModel.xcdatamodeld */ = {
			isa = XCVersionGroup;
			children = (
				853DD1731A0423E0001D8DEB /* TaskModel.xcdatamodel */,
			);
			currentVersion = 853DD1731A0423E0001D8DEB /* TaskModel.xcdatamodel */;
			path = TaskModel.xcdatamodeld;
			sourceTree = "<group>";
			versionGroupType = wrapper.xcdatamodel;
		};
/* End XCVersionGroup section */
	};
	rootObject = 857E87AF19E7CDE900B723A9 /* Project object */;
}
